// !$*UTF8*$!
{
	archiveVersion = 1;
	classes = {
	};
	objectVersion = 56;
	objects = {

/* Begin PBXBuildFile section */
		083B81A12A387A3200E86BA8 /* AppDelegate.swift in Sources */ = {isa = PBXBuildFile; fileRef = 083B81A02A387A3200E86BA8 /* AppDelegate.swift */; };
		083B81A32A387A3200E86BA8 /* SceneDelegate.swift in Sources */ = {isa = PBXBuildFile; fileRef = 083B81A22A387A3200E86BA8 /* SceneDelegate.swift */; };
		083B81A52A387A3200E86BA8 /* ViewController.swift in Sources */ = {isa = PBXBuildFile; fileRef = 083B81A42A387A3200E86BA8 /* ViewController.swift */; };
		083B81A82A387A3200E86BA8 /* Main.storyboard in Resources */ = {isa = PBXBuildFile; fileRef = 083B81A62A387A3200E86BA8 /* Main.storyboard */; };
		083B81AB2A387A3200E86BA8 /* NeroIOs.xcdatamodeld in Sources */ = {isa = PBXBuildFile; fileRef = 083B81A92A387A3200E86BA8 /* NeroIOs.xcdatamodeld */; };
		083B81AD2A387A3400E86BA8 /* Assets.xcassets in Resources */ = {isa = PBXBuildFile; fileRef = 083B81AC2A387A3400E86BA8 /* Assets.xcassets */; };
		083B81B02A387A3400E86BA8 /* LaunchScreen.storyboard in Resources */ = {isa = PBXBuildFile; fileRef = 083B81AE2A387A3400E86BA8 /* LaunchScreen.storyboard */; };
		083B81BB2A387A3400E86BA8 /* NeroIOsTests.swift in Sources */ = {isa = PBXBuildFile; fileRef = 083B81BA2A387A3400E86BA8 /* NeroIOsTests.swift */; };
		083B81C52A387A3400E86BA8 /* NeroIOsUITests.swift in Sources */ = {isa = PBXBuildFile; fileRef = 083B81C42A387A3400E86BA8 /* NeroIOsUITests.swift */; };
		083B81C72A387A3400E86BA8 /* NeroIOsUITestsLaunchTests.swift in Sources */ = {isa = PBXBuildFile; fileRef = 083B81C62A387A3400E86BA8 /* NeroIOsUITestsLaunchTests.swift */; };
/* End PBXBuildFile section */

/* Begin PBXContainerItemProxy section */
		083B81B72A387A3400E86BA8 /* PBXContainerItemProxy */ = {
			isa = PBXContainerItemProxy;
			containerPortal = 083B81952A387A3200E86BA8 /* Project object */;
			proxyType = 1;
			remoteGlobalIDString = 083B819C2A387A3200E86BA8;
			remoteInfo = NeroIOs;
		};
		083B81C12A387A3400E86BA8 /* PBXContainerItemProxy */ = {
			isa = PBXContainerItemProxy;
			containerPortal = 083B81952A387A3200E86BA8 /* Project object */;
			proxyType = 1;
			remoteGlobalIDString = 083B819C2A387A3200E86BA8;
			remoteInfo = NeroIOs;
		};
/* End PBXContainerItemProxy section */

/* Begin PBXFileReference section */
		083B819D2A387A3200E86BA8 /* NeroIOs.app */ = {isa = PBXFileReference; explicitFileType = wrapper.application; includeInIndex = 0; path = NeroIOs.app; sourceTree = BUILT_PRODUCTS_DIR; };
		083B81A02A387A3200E86BA8 /* AppDelegate.swift */ = {isa = PBXFileReference; lastKnownFileType = sourcecode.swift; path = AppDelegate.swift; sourceTree = "<group>"; };
		083B81A22A387A3200E86BA8 /* SceneDelegate.swift */ = {isa = PBXFileReference; lastKnownFileType = sourcecode.swift; path = SceneDelegate.swift; sourceTree = "<group>"; };
		083B81A42A387A3200E86BA8 /* ViewController.swift */ = {isa = PBXFileReference; lastKnownFileType = sourcecode.swift; path = ViewController.swift; sourceTree = "<group>"; };
		083B81A72A387A3200E86BA8 /* Base */ = {isa = PBXFileReference; lastKnownFileType = file.storyboard; name = Base; path = Base.lproj/Main.storyboard; sourceTree = "<group>"; };
		083B81AA2A387A3200E86BA8 /* NeroIOs.xcdatamodel */ = {isa = PBXFileReference; lastKnownFileType = wrapper.xcdatamodel; path = NeroIOs.xcdatamodel; sourceTree = "<group>"; };
		083B81AC2A387A3400E86BA8 /* Assets.xcassets */ = {isa = PBXFileReference; lastKnownFileType = folder.assetcatalog; path = Assets.xcassets; sourceTree = "<group>"; };
		083B81AF2A387A3400E86BA8 /* Base */ = {isa = PBXFileReference; lastKnownFileType = file.storyboard; name = Base; path = Base.lproj/LaunchScreen.storyboard; sourceTree = "<group>"; };
		083B81B12A387A3400E86BA8 /* Info.plist */ = {isa = PBXFileReference; lastKnownFileType = text.plist.xml; path = Info.plist; sourceTree = "<group>"; };
		083B81B62A387A3400E86BA8 /* NeroIOsTests.xctest */ = {isa = PBXFileReference; explicitFileType = wrapper.cfbundle; includeInIndex = 0; path = NeroIOsTests.xctest; sourceTree = BUILT_PRODUCTS_DIR; };
		083B81BA2A387A3400E86BA8 /* NeroIOsTests.swift */ = {isa = PBXFileReference; lastKnownFileType = sourcecode.swift; path = NeroIOsTests.swift; sourceTree = "<group>"; };
		083B81C02A387A3400E86BA8 /* NeroIOsUITests.xctest */ = {isa = PBXFileReference; explicitFileType = wrapper.cfbundle; includeInIndex = 0; path = NeroIOsUITests.xctest; sourceTree = BUILT_PRODUCTS_DIR; };
		083B81C42A387A3400E86BA8 /* NeroIOsUITests.swift */ = {isa = PBXFileReference; lastKnownFileType = sourcecode.swift; path = NeroIOsUITests.swift; sourceTree = "<group>"; };
		083B81C62A387A3400E86BA8 /* NeroIOsUITestsLaunchTests.swift */ = {isa = PBXFileReference; lastKnownFileType = sourcecode.swift; path = NeroIOsUITestsLaunchTests.swift; sourceTree = "<group>"; };
/* End PBXFileReference section */

/* Begin PBXFrameworksBuildPhase section */
		083B819A2A387A3200E86BA8 /* Frameworks */ = {
			isa = PBXFrameworksBuildPhase;
			buildActionMask = 2147483647;
			files = (
			);
			runOnlyForDeploymentPostprocessing = 0;
		};
		083B81B32A387A3400E86BA8 /* Frameworks */ = {
			isa = PBXFrameworksBuildPhase;
			buildActionMask = 2147483647;
			files = (
			);
			runOnlyForDeploymentPostprocessing = 0;
		};
		083B81BD2A387A3400E86BA8 /* Frameworks */ = {
			isa = PBXFrameworksBuildPhase;
			buildActionMask = 2147483647;
			files = (
			);
			runOnlyForDeploymentPostprocessing = 0;
		};
/* End PBXFrameworksBuildPhase section */

/* Begin PBXGroup section */
		083B81942A387A3200E86BA8 = {
			isa = PBXGroup;
			children = (
				083B819F2A387A3200E86BA8 /* NeroIOs */,
				083B81B92A387A3400E86BA8 /* NeroIOsTests */,
				083B81C32A387A3400E86BA8 /* NeroIOsUITests */,
				083B819E2A387A3200E86BA8 /* Products */,
			);
			sourceTree = "<group>";
		};
		083B819E2A387A3200E86BA8 /* Products */ = {
			isa = PBXGroup;
			children = (
				083B819D2A387A3200E86BA8 /* NeroIOs.app */,
				083B81B62A387A3400E86BA8 /* NeroIOsTests.xctest */,
				083B81C02A387A3400E86BA8 /* NeroIOsUITests.xctest */,
			);
			name = Products;
			sourceTree = "<group>";
		};
		083B819F2A387A3200E86BA8 /* NeroIOs */ = {
			isa = PBXGroup;
			children = (
				083B81A02A387A3200E86BA8 /* AppDelegate.swift */,
				083B81A22A387A3200E86BA8 /* SceneDelegate.swift */,
				083B81A42A387A3200E86BA8 /* ViewController.swift */,
				083B81A62A387A3200E86BA8 /* Main.storyboard */,
				083B81AC2A387A3400E86BA8 /* Assets.xcassets */,
				083B81AE2A387A3400E86BA8 /* LaunchScreen.storyboard */,
				083B81B12A387A3400E86BA8 /* Info.plist */,
				083B81A92A387A3200E86BA8 /* NeroIOs.xcdatamodeld */,
			);
			path = NeroIOs;
			sourceTree = "<group>";
		};
		083B81B92A387A3400E86BA8 /* NeroIOsTests */ = {
			isa = PBXGroup;
			children = (
				083B81BA2A387A3400E86BA8 /* NeroIOsTests.swift */,
			);
			path = NeroIOsTests;
			sourceTree = "<group>";
		};
		083B81C32A387A3400E86BA8 /* NeroIOsUITests */ = {
			isa = PBXGroup;
			children = (
				083B81C42A387A3400E86BA8 /* NeroIOsUITests.swift */,
				083B81C62A387A3400E86BA8 /* NeroIOsUITestsLaunchTests.swift */,
			);
			path = NeroIOsUITests;
			sourceTree = "<group>";
		};
/* End PBXGroup section */

/* Begin PBXNativeTarget section */
		083B819C2A387A3200E86BA8 /* NeroIOs */ = {
			isa = PBXNativeTarget;
			buildConfigurationList = 083B81CA2A387A3400E86BA8 /* Build configuration list for PBXNativeTarget "NeroIOs" */;
			buildPhases = (
				083B81992A387A3200E86BA8 /* Sources */,
				083B819A2A387A3200E86BA8 /* Frameworks */,
				083B819B2A387A3200E86BA8 /* Resources */,
			);
			buildRules = (
			);
			dependencies = (
			);
			name = NeroIOs;
			productName = NeroIOs;
			productReference = 083B819D2A387A3200E86BA8 /* NeroIOs.app */;
			productType = "com.apple.product-type.application";
		};
		083B81B52A387A3400E86BA8 /* NeroIOsTests */ = {
			isa = PBXNativeTarget;
			buildConfigurationList = 083B81CD2A387A3400E86BA8 /* Build configuration list for PBXNativeTarget "NeroIOsTests" */;
			buildPhases = (
				083B81B22A387A3400E86BA8 /* Sources */,
				083B81B32A387A3400E86BA8 /* Frameworks */,
				083B81B42A387A3400E86BA8 /* Resources */,
			);
			buildRules = (
			);
			dependencies = (
				083B81B82A387A3400E86BA8 /* PBXTargetDependency */,
			);
			name = NeroIOsTests;
			productName = NeroIOsTests;
			productReference = 083B81B62A387A3400E86BA8 /* NeroIOsTests.xctest */;
			productType = "com.apple.product-type.bundle.unit-test";
		};
		083B81BF2A387A3400E86BA8 /* NeroIOsUITests */ = {
			isa = PBXNativeTarget;
			buildConfigurationList = 083B81D02A387A3400E86BA8 /* Build configuration list for PBXNativeTarget "NeroIOsUITests" */;
			buildPhases = (
				083B81BC2A387A3400E86BA8 /* Sources */,
				083B81BD2A387A3400E86BA8 /* Frameworks */,
				083B81BE2A387A3400E86BA8 /* Resources */,
			);
			buildRules = (
			);
			dependencies = (
				083B81C22A387A3400E86BA8 /* PBXTargetDependency */,
			);
			name = NeroIOsUITests;
			productName = NeroIOsUITests;
			productReference = 083B81C02A387A3400E86BA8 /* NeroIOsUITests.xctest */;
			productType = "com.apple.product-type.bundle.ui-testing";
		};
/* End PBXNativeTarget section */

/* Begin PBXProject section */
		083B81952A387A3200E86BA8 /* Project object */ = {
			isa = PBXProject;
			attributes = {
				BuildIndependentTargetsInParallel = 1;
				LastSwiftUpdateCheck = 1430;
				LastUpgradeCheck = 1430;
				TargetAttributes = {
					083B819C2A387A3200E86BA8 = {
						CreatedOnToolsVersion = 14.3;
					};
					083B81B52A387A3400E86BA8 = {
						CreatedOnToolsVersion = 14.3;
						TestTargetID = 083B819C2A387A3200E86BA8;
					};
					083B81BF2A387A3400E86BA8 = {
						CreatedOnToolsVersion = 14.3;
						TestTargetID = 083B819C2A387A3200E86BA8;
					};
				};
			};
			buildConfigurationList = 083B81982A387A3200E86BA8 /* Build configuration list for PBXProject "NeroIOs" */;
			compatibilityVersion = "Xcode 14.0";
			developmentRegion = en;
			hasScannedForEncodings = 0;
			knownRegions = (
				en,
				Base,
			);
			mainGroup = 083B81942A387A3200E86BA8;
			productRefGroup = 083B819E2A387A3200E86BA8 /* Products */;
			projectDirPath = "";
			projectRoot = "";
			targets = (
				083B819C2A387A3200E86BA8 /* NeroIOs */,
				083B81B52A387A3400E86BA8 /* NeroIOsTests */,
				083B81BF2A387A3400E86BA8 /* NeroIOsUITests */,
			);
		};
/* End PBXProject section */

/* Begin PBXResourcesBuildPhase section */
		083B819B2A387A3200E86BA8 /* Resources */ = {
			isa = PBXResourcesBuildPhase;
			buildActionMask = 2147483647;
			files = (
				083B81B02A387A3400E86BA8 /* LaunchScreen.storyboard in Resources */,
				083B81AD2A387A3400E86BA8 /* Assets.xcassets in Resources */,
				083B81A82A387A3200E86BA8 /* Main.storyboard in Resources */,
			);
			runOnlyForDeploymentPostprocessing = 0;
		};
		083B81B42A387A3400E86BA8 /* Resources */ = {
			isa = PBXResourcesBuildPhase;
			buildActionMask = 2147483647;
			files = (
			);
			runOnlyForDeploymentPostprocessing = 0;
		};
		083B81BE2A387A3400E86BA8 /* Resources */ = {
			isa = PBXResourcesBuildPhase;
			buildActionMask = 2147483647;
			files = (
			);
			runOnlyForDeploymentPostprocessing = 0;
		};
/* End PBXResourcesBuildPhase section */

/* Begin PBXSourcesBuildPhase section */
		083B81992A387A3200E86BA8 /* Sources */ = {
			isa = PBXSourcesBuildPhase;
			buildActionMask = 2147483647;
			files = (
				083B81A52A387A3200E86BA8 /* ViewController.swift in Sources */,
				083B81A12A387A3200E86BA8 /* AppDelegate.swift in Sources */,
				083B81A32A387A3200E86BA8 /* SceneDelegate.swift in Sources */,
				083B81AB2A387A3200E86BA8 /* NeroIOs.xcdatamodeld in Sources */,
			);
			runOnlyForDeploymentPostprocessing = 0;
		};
		083B81B22A387A3400E86BA8 /* Sources */ = {
			isa = PBXSourcesBuildPhase;
			buildActionMask = 2147483647;
			files = (
				083B81BB2A387A3400E86BA8 /* NeroIOsTests.swift in Sources */,
			);
			runOnlyForDeploymentPostprocessing = 0;
		};
		083B81BC2A387A3400E86BA8 /* Sources */ = {
			isa = PBXSourcesBuildPhase;
			buildActionMask = 2147483647;
			files = (
				083B81C72A387A3400E86BA8 /* NeroIOsUITestsLaunchTests.swift in Sources */,
				083B81C52A387A3400E86BA8 /* NeroIOsUITests.swift in Sources */,
			);
			runOnlyForDeploymentPostprocessing = 0;
		};
/* End PBXSourcesBuildPhase section */

/* Begin PBXTargetDependency section */
		083B81B82A387A3400E86BA8 /* PBXTargetDependency */ = {
			isa = PBXTargetDependency;
			target = 083B819C2A387A3200E86BA8 /* NeroIOs */;
			targetProxy = 083B81B72A387A3400E86BA8 /* PBXContainerItemProxy */;
		};
		083B81C22A387A3400E86BA8 /* PBXTargetDependency */ = {
			isa = PBXTargetDependency;
			target = 083B819C2A387A3200E86BA8 /* NeroIOs */;
			targetProxy = 083B81C12A387A3400E86BA8 /* PBXContainerItemProxy */;
		};
/* End PBXTargetDependency section */

/* Begin PBXVariantGroup section */
		083B81A62A387A3200E86BA8 /* Main.storyboard */ = {
			isa = PBXVariantGroup;
			children = (
				083B81A72A387A3200E86BA8 /* Base */,
			);
			name = Main.storyboard;
			sourceTree = "<group>";
		};
		083B81AE2A387A3400E86BA8 /* LaunchScreen.storyboard */ = {
			isa = PBXVariantGroup;
			children = (
				083B81AF2A387A3400E86BA8 /* Base */,
			);
			name = LaunchScreen.storyboard;
			sourceTree = "<group>";
		};
/* End PBXVariantGroup section */

/* Begin XCBuildConfiguration section */
		083B81C82A387A3400E86BA8 /* Debug */ = {
			isa = XCBuildConfiguration;
			buildSettings = {
				ALWAYS_SEARCH_USER_PATHS = NO;
				CLANG_ANALYZER_NONNULL = YES;
				CLANG_ANALYZER_NUMBER_OBJECT_CONVERSION = YES_AGGRESSIVE;
				CLANG_CXX_LANGUAGE_STANDARD = "gnu++20";
				CLANG_ENABLE_MODULES = YES;
				CLANG_ENABLE_OBJC_ARC = YES;
				CLANG_ENABLE_OBJC_WEAK = YES;
				CLANG_WARN_BLOCK_CAPTURE_AUTORELEASING = YES;
				CLANG_WARN_BOOL_CONVERSION = YES;
				CLANG_WARN_COMMA = YES;
				CLANG_WARN_CONSTANT_CONVERSION = YES;
				CLANG_WARN_DEPRECATED_OBJC_IMPLEMENTATIONS = YES;
				CLANG_WARN_DIRECT_OBJC_ISA_USAGE = YES_ERROR;
				CLANG_WARN_DOCUMENTATION_COMMENTS = YES;
				CLANG_WARN_EMPTY_BODY = YES;
				CLANG_WARN_ENUM_CONVERSION = YES;
				CLANG_WARN_INFINITE_RECURSION = YES;
				CLANG_WARN_INT_CONVERSION = YES;
				CLANG_WARN_NON_LITERAL_NULL_CONVERSION = YES;
				CLANG_WARN_OBJC_IMPLICIT_RETAIN_SELF = YES;
				CLANG_WARN_OBJC_LITERAL_CONVERSION = YES;
				CLANG_WARN_OBJC_ROOT_CLASS = YES_ERROR;
				CLANG_WARN_QUOTED_INCLUDE_IN_FRAMEWORK_HEADER = YES;
				CLANG_WARN_RANGE_LOOP_ANALYSIS = YES;
				CLANG_WARN_STRICT_PROTOTYPES = YES;
				CLANG_WARN_SUSPICIOUS_MOVE = YES;
				CLANG_WARN_UNGUARDED_AVAILABILITY = YES_AGGRESSIVE;
				CLANG_WARN_UNREACHABLE_CODE = YES;
				CLANG_WARN__DUPLICATE_METHOD_MATCH = YES;
				COPY_PHASE_STRIP = NO;
				DEBUG_INFORMATION_FORMAT = dwarf;
				ENABLE_STRICT_OBJC_MSGSEND = YES;
				ENABLE_TESTABILITY = YES;
				GCC_C_LANGUAGE_STANDARD = gnu11;
				GCC_DYNAMIC_NO_PIC = NO;
				GCC_NO_COMMON_BLOCKS = YES;
				GCC_OPTIMIZATION_LEVEL = 0;
				GCC_PREPROCESSOR_DEFINITIONS = (
					"DEBUG=1",
					"$(inherited)",
				);
				GCC_WARN_64_TO_32_BIT_CONVERSION = YES;
				GCC_WARN_ABOUT_RETURN_TYPE = YES_ERROR;
				GCC_WARN_UNDECLARED_SELECTOR = YES;
				GCC_WARN_UNINITIALIZED_AUTOS = YES_AGGRESSIVE;
				GCC_WARN_UNUSED_FUNCTION = YES;
				GCC_WARN_UNUSED_VARIABLE = YES;
				IPHONEOS_DEPLOYMENT_TARGET = 16.4;
				MTL_ENABLE_DEBUG_INFO = INCLUDE_SOURCE;
				MTL_FAST_MATH = YES;
				ONLY_ACTIVE_ARCH = YES;
				SDKROOT = iphoneos;
				SWIFT_ACTIVE_COMPILATION_CONDITIONS = DEBUG;
				SWIFT_OPTIMIZATION_LEVEL = "-Onone";
			};
			name = Debug;
		};
		083B81C92A387A3400E86BA8 /* Release */ = {
			isa = XCBuildConfiguration;
			buildSettings = {
				ALWAYS_SEARCH_USER_PATHS = NO;
				CLANG_ANALYZER_NONNULL = YES;
				CLANG_ANALYZER_NUMBER_OBJECT_CONVERSION = YES_AGGRESSIVE;
				CLANG_CXX_LANGUAGE_STANDARD = "gnu++20";
				CLANG_ENABLE_MODULES = YES;
				CLANG_ENABLE_OBJC_ARC = YES;
				CLANG_ENABLE_OBJC_WEAK = YES;
				CLANG_WARN_BLOCK_CAPTURE_AUTORELEASING = YES;
				CLANG_WARN_BOOL_CONVERSION = YES;
				CLANG_WARN_COMMA = YES;
				CLANG_WARN_CONSTANT_CONVERSION = YES;
				CLANG_WARN_DEPRECATED_OBJC_IMPLEMENTATIONS = YES;
				CLANG_WARN_DIRECT_OBJC_ISA_USAGE = YES_ERROR;
				CLANG_WARN_DOCUMENTATION_COMMENTS = YES;
				CLANG_WARN_EMPTY_BODY = YES;
				CLANG_WARN_ENUM_CONVERSION = YES;
				CLANG_WARN_INFINITE_RECURSION = YES;
				CLANG_WARN_INT_CONVERSION = YES;
				CLANG_WARN_NON_LITERAL_NULL_CONVERSION = YES;
				CLANG_WARN_OBJC_IMPLICIT_RETAIN_SELF = YES;
				CLANG_WARN_OBJC_LITERAL_CONVERSION = YES;
				CLANG_WARN_OBJC_ROOT_CLASS = YES_ERROR;
				CLANG_WARN_QUOTED_INCLUDE_IN_FRAMEWORK_HEADER = YES;
				CLANG_WARN_RANGE_LOOP_ANALYSIS = YES;
				CLANG_WARN_STRICT_PROTOTYPES = YES;
				CLANG_WARN_SUSPICIOUS_MOVE = YES;
				CLANG_WARN_UNGUARDED_AVAILABILITY = YES_AGGRESSIVE;
				CLANG_WARN_UNREACHABLE_CODE = YES;
				CLANG_WARN__DUPLICATE_METHOD_MATCH = YES;
				COPY_PHASE_STRIP = NO;
				DEBUG_INFORMATION_FORMAT = "dwarf-with-dsym";
				ENABLE_NS_ASSERTIONS = NO;
				ENABLE_STRICT_OBJC_MSGSEND = YES;
				GCC_C_LANGUAGE_STANDARD = gnu11;
				GCC_NO_COMMON_BLOCKS = YES;
				GCC_WARN_64_TO_32_BIT_CONVERSION = YES;
				GCC_WARN_ABOUT_RETURN_TYPE = YES_ERROR;
				GCC_WARN_UNDECLARED_SELECTOR = YES;
				GCC_WARN_UNINITIALIZED_AUTOS = YES_AGGRESSIVE;
				GCC_WARN_UNUSED_FUNCTION = YES;
				GCC_WARN_UNUSED_VARIABLE = YES;
				IPHONEOS_DEPLOYMENT_TARGET = 16.4;
				MTL_ENABLE_DEBUG_INFO = NO;
				MTL_FAST_MATH = YES;
				SDKROOT = iphoneos;
				SWIFT_COMPILATION_MODE = wholemodule;
				SWIFT_OPTIMIZATION_LEVEL = "-O";
				VALIDATE_PRODUCT = YES;
			};
			name = Release;
		};
		083B81CB2A387A3400E86BA8 /* Debug */ = {
			isa = XCBuildConfiguration;
			buildSettings = {
				ASSETCATALOG_COMPILER_APPICON_NAME = AppIcon;
				ASSETCATALOG_COMPILER_GLOBAL_ACCENT_COLOR_NAME = AccentColor;
				CODE_SIGN_STYLE = Automatic;
				CURRENT_PROJECT_VERSION = 1;
				DEVELOPMENT_TEAM = MG923NRGJV;
				GENERATE_INFOPLIST_FILE = YES;
				INFOPLIST_FILE = NeroIOs/Info.plist;
				INFOPLIST_KEY_UIApplicationSupportsIndirectInputEvents = YES;
				INFOPLIST_KEY_UILaunchStoryboardName = LaunchScreen;
				INFOPLIST_KEY_UIMainStoryboardFile = Main;
				INFOPLIST_KEY_UISupportedInterfaceOrientations_iPad = "UIInterfaceOrientationPortrait UIInterfaceOrientationPortraitUpsideDown UIInterfaceOrientationLandscapeLeft UIInterfaceOrientationLandscapeRight";
				INFOPLIST_KEY_UISupportedInterfaceOrientations_iPhone = "UIInterfaceOrientationPortrait UIInterfaceOrientationLandscapeLeft UIInterfaceOrientationLandscapeRight";
				LD_RUNPATH_SEARCH_PATHS = (
					"$(inherited)",
					"@executable_path/Frameworks",
				);
				MARKETING_VERSION = 1.0;
				PRODUCT_BUNDLE_IDENTIFIER = comAdam.NeroIOs;
				PRODUCT_NAME = "$(TARGET_NAME)";
				SWIFT_EMIT_LOC_STRINGS = YES;
				SWIFT_VERSION = 5.0;
				TARGETED_DEVICE_FAMILY = "1,2";
			};
			name = Debug;
		};
		083B81CC2A387A3400E86BA8 /* Release */ = {
			isa = XCBuildConfiguration;
			buildSettings = {
				ASSETCATALOG_COMPILER_APPICON_NAME = AppIcon;
				ASSETCATALOG_COMPILER_GLOBAL_ACCENT_COLOR_NAME = AccentColor;
				CODE_SIGN_STYLE = Automatic;
				CURRENT_PROJECT_VERSION = 1;
				DEVELOPMENT_TEAM = MG923NRGJV;
				GENERATE_INFOPLIST_FILE = YES;
				INFOPLIST_FILE = NeroIOs/Info.plist;
				INFOPLIST_KEY_UIApplicationSupportsIndirectInputEvents = YES;
				INFOPLIST_KEY_UILaunchStoryboardName = LaunchScreen;
				INFOPLIST_KEY_UIMainStoryboardFile = Main;
				INFOPLIST_KEY_UISupportedInterfaceOrientations_iPad = "UIInterfaceOrientationPortrait UIInterfaceOrientationPortraitUpsideDown UIInterfaceOrientationLandscapeLeft UIInterfaceOrientationLandscapeRight";
				INFOPLIST_KEY_UISupportedInterfaceOrientations_iPhone = "UIInterfaceOrientationPortrait UIInterfaceOrientationLandscapeLeft UIInterfaceOrientationLandscapeRight";
				LD_RUNPATH_SEARCH_PATHS = (
					"$(inherited)",
					"@executable_path/Frameworks",
				);
				MARKETING_VERSION = 1.0;
				PRODUCT_BUNDLE_IDENTIFIER = comAdam.NeroIOs;
				PRODUCT_NAME = "$(TARGET_NAME)";
				SWIFT_EMIT_LOC_STRINGS = YES;
				SWIFT_VERSION = 5.0;
				TARGETED_DEVICE_FAMILY = "1,2";
			};
			name = Release;
		};
		083B81CE2A387A3400E86BA8 /* Debug */ = {
			isa = XCBuildConfiguration;
			buildSettings = {
				ALWAYS_EMBED_SWIFT_STANDARD_LIBRARIES = YES;
				BUNDLE_LOADER = "$(TEST_HOST)";
				CODE_SIGN_STYLE = Automatic;
				CURRENT_PROJECT_VERSION = 1;
				DEVELOPMENT_TEAM = MG923NRGJV;
				GENERATE_INFOPLIST_FILE = YES;
				IPHONEOS_DEPLOYMENT_TARGET = 16.4;
				MARKETING_VERSION = 1.0;
				PRODUCT_BUNDLE_IDENTIFIER = comAdam.NeroIOsTests;
				PRODUCT_NAME = "$(TARGET_NAME)";
				SWIFT_EMIT_LOC_STRINGS = NO;
				SWIFT_VERSION = 5.0;
				TARGETED_DEVICE_FAMILY = "1,2";
				TEST_HOST = "$(BUILT_PRODUCTS_DIR)/NeroIOs.app/$(BUNDLE_EXECUTABLE_FOLDER_PATH)/NeroIOs";
			};
			name = Debug;
		};
		083B81CF2A387A3400E86BA8 /* Release */ = {
			isa = XCBuildConfiguration;
			buildSettings = {
				ALWAYS_EMBED_SWIFT_STANDARD_LIBRARIES = YES;
				BUNDLE_LOADER = "$(TEST_HOST)";
				CODE_SIGN_STYLE = Automatic;
				CURRENT_PROJECT_VERSION = 1;
				DEVELOPMENT_TEAM = MG923NRGJV;
				GENERATE_INFOPLIST_FILE = YES;
				IPHONEOS_DEPLOYMENT_TARGET = 16.4;
				MARKETING_VERSION = 1.0;
				PRODUCT_BUNDLE_IDENTIFIER = comAdam.NeroIOsTests;
				PRODUCT_NAME = "$(TARGET_NAME)";
				SWIFT_EMIT_LOC_STRINGS = NO;
				SWIFT_VERSION = 5.0;
				TARGETED_DEVICE_FAMILY = "1,2";
				TEST_HOST = "$(BUILT_PRODUCTS_DIR)/NeroIOs.app/$(BUNDLE_EXECUTABLE_FOLDER_PATH)/NeroIOs";
			};
			name = Release;
		};
		083B81D12A387A3400E86BA8 /* Debug */ = {
			isa = XCBuildConfiguration;
			buildSettings = {
				ALWAYS_EMBED_SWIFT_STANDARD_LIBRARIES = YES;
				CODE_SIGN_STYLE = Automatic;
				CURRENT_PROJECT_VERSION = 1;
				DEVELOPMENT_TEAM = MG923NRGJV;
				GENERATE_INFOPLIST_FILE = YES;
				MARKETING_VERSION = 1.0;
				PRODUCT_BUNDLE_IDENTIFIER = comAdam.NeroIOsUITests;
				PRODUCT_NAME = "$(TARGET_NAME)";
				SWIFT_EMIT_LOC_STRINGS = NO;
				SWIFT_VERSION = 5.0;
				TARGETED_DEVICE_FAMILY = "1,2";
				TEST_TARGET_NAME = NeroIOs;
			};
			name = Debug;
		};
		083B81D22A387A3400E86BA8 /* Release */ = {
			isa = XCBuildConfiguration;
			buildSettings = {
				ALWAYS_EMBED_SWIFT_STANDARD_LIBRARIES = YES;
				CODE_SIGN_STYLE = Automatic;
				CURRENT_PROJECT_VERSION = 1;
				DEVELOPMENT_TEAM = MG923NRGJV;
				GENERATE_INFOPLIST_FILE = YES;
				MARKETING_VERSION = 1.0;
				PRODUCT_BUNDLE_IDENTIFIER = comAdam.NeroIOsUITests;
				PRODUCT_NAME = "$(TARGET_NAME)";
				SWIFT_EMIT_LOC_STRINGS = NO;
				SWIFT_VERSION = 5.0;
				TARGETED_DEVICE_FAMILY = "1,2";
				TEST_TARGET_NAME = NeroIOs;
			};
			name = Release;
		};
/* End XCBuildConfiguration section */

/* Begin XCConfigurationList section */
		083B81982A387A3200E86BA8 /* Build configuration list for PBXProject "NeroIOs" */ = {
			isa = XCConfigurationList;
			buildConfigurations = (
				083B81C82A387A3400E86BA8 /* Debug */,
				083B81C92A387A3400E86BA8 /* Release */,
			);
			defaultConfigurationIsVisible = 0;
			defaultConfigurationName = Release;
		};
		083B81CA2A387A3400E86BA8 /* Build configuration list for PBXNativeTarget "NeroIOs" */ = {
			isa = XCConfigurationList;
			buildConfigurations = (
				083B81CB2A387A3400E86BA8 /* Debug */,
				083B81CC2A387A3400E86BA8 /* Release */,
			);
			defaultConfigurationIsVisible = 0;
			defaultConfigurationName = Release;
		};
		083B81CD2A387A3400E86BA8 /* Build configuration list for PBXNativeTarget "NeroIOsTests" */ = {
			isa = XCConfigurationList;
			buildConfigurations = (
				083B81CE2A387A3400E86BA8 /* Debug */,
				083B81CF2A387A3400E86BA8 /* Release */,
			);
			defaultConfigurationIsVisible = 0;
			defaultConfigurationName = Release;
		};
		083B81D02A387A3400E86BA8 /* Build configuration list for PBXNativeTarget "NeroIOsUITests" */ = {
			isa = XCConfigurationList;
			buildConfigurations = (
				083B81D12A387A3400E86BA8 /* Debug */,
				083B81D22A387A3400E86BA8 /* Release */,
			);
			defaultConfigurationIsVisible = 0;
			defaultConfigurationName = Release;
		};
/* End XCConfigurationList section */

/* Begin XCVersionGroup section */
		083B81A92A387A3200E86BA8 /* NeroIOs.xcdatamodeld */ = {
			isa = XCVersionGroup;
			children = (
				083B81AA2A387A3200E86BA8 /* NeroIOs.xcdatamodel */,
			);
			currentVersion = 083B81AA2A387A3200E86BA8 /* NeroIOs.xcdatamodel */;
			path = NeroIOs.xcdatamodeld;
			sourceTree = "<group>";
			versionGroupType = wrapper.xcdatamodel;
		};
/* End XCVersionGroup section */
	};
	rootObject = 083B81952A387A3200E86BA8 /* Project object */;
}
